# THIS IS AN AUTOGENERATED FILE. DO NOT EDIT THIS FILE DIRECTLY.
# yarn lockfile v1


jquery@^3.3.1:
  version "3.4.1"
  resolved "https://registry.yarnpkg.com/jquery/-/jquery-3.4.1.tgz#714f1f8d9dde4bdfa55764ba37ef214630d80ef2"
  integrity sha512-36+AdBzCL+y6qjw5Tx7HgzeGCzC81MDDgaUP8ld2zhx58HdqXGoBd+tHdrBMiyjGQs0Hxs/MLZTu/eHNJJuWPw==

perfect-scrollbar@^1.4.0:
  version "1.4.0"
  resolved "https://registry.yarnpkg.com/perfect-scrollbar/-/perfect-scrollbar-1.4.0.tgz#5d014ef9775e1f43058a1dbae9ed1daf0e7091f1"
  integrity sha512-/2Sk/khljhdrsamjJYS5NjrH+GKEHEwh7zFSiYyxROyYKagkE4kSn2zDQDRTOMo8mpT2jikxx6yI1dG7lNP/hw==
